
Microsoft Visual Studio Solution File, Format Version 12.00
# Visual Studio 15
VisualStudioVersion = 15.0.27703.2026
MinimumVisualStudioVersion = 10.0.40219.1
Project("{FAE04EC0-301F-11D3-BF4B-00C04F79EFBC}") = "TestCommon", "TestCommon\TestCommon.csproj", "{3D1DF29D-04A9-4A21-B63B-4FB8E29B5DD2}"
EndProject
Project("{FAE04EC0-301F-11D3-BF4B-00C04F79EFBC}") = "Common", "Common\Common.csproj", "{CE58E593-C83C-4088-A27A-35865CA85E5D}"
EndProject
Project("{FAE04EC0-301F-11D3-BF4B-00C04F79EFBC}") = "CommonTests", "CommonTests\CommonTests.csproj", "{5494E6BC-981C-45EE-8FBA-C282434015CF}"
EndProject
Global
	GlobalSection(SolutionConfigurationPlatforms) = preSolution
		Debug|Any CPU = Debug|Any CPU
		Release|Any CPU = Release|Any CPU
	EndGlobalSection
	GlobalSection(ProjectConfigurationPlatforms) = postSolution
		{3D1DF29D-04A9-4A21-B63B-4FB8E29B5DD2}.Debug|Any CPU.ActiveCfg = Debug|Any CPU
		{3D1DF29D-04A9-4A21-B63B-4FB8E29B5DD2}.Debug|Any CPU.Build.0 = Debug|Any CPU
		{3D1DF29D-04A9-4A21-B63B-4FB8E29B5DD2}.Release|Any CPU.ActiveCfg = Release|Any CPU
		{3D1DF29D-04A9-4A21-B63B-4FB8E29B5DD2}.Release|Any CPU.Build.0 = Release|Any CPU
		{CE58E593-C83C-4088-A27A-35865CA85E5D}.Debug|Any CPU.ActiveCfg = Debug|Any CPU
		{CE58E593-C83C-4088-A27A-35865CA85E5D}.Debug|Any CPU.Build.0 = Debug|Any CPU
		{CE58E593-C83C-4088-A27A-35865CA85E5D}.Release|Any CPU.ActiveCfg = Release|Any CPU
		{CE58E593-C83C-4088-A27A-35865CA85E5D}.Release|Any CPU.Build.0 = Release|Any CPU
		{5494E6BC-981C-45EE-8FBA-C282434015CF}.Debug|Any CPU.ActiveCfg = Debug|Any CPU
		{5494E6BC-981C-45EE-8FBA-C282434015CF}.Debug|Any CPU.Build.0 = Debug|Any CPU
		{5494E6BC-981C-45EE-8FBA-C282434015CF}.Release|Any CPU.ActiveCfg = Release|Any CPU
		{5494E6BC-981C-45EE-8FBA-C282434015CF}.Release|Any CPU.Build.0 = Release|Any CPU
	EndGlobalSection
	GlobalSection(SolutionProperties) = preSolution
		HideSolutionNode = FALSE
	EndGlobalSection
	GlobalSection(ExtensibilityGlobals) = postSolution
		SolutionGuid = {390DB89B-CE7E-4063-8739-C11A24035AEF}
	EndGlobalSection
EndGlobal
